<?xml version="1.0" encoding="utf-8"?>
<Project ToolsVersion="4.0" xmlns="http://schemas.microsoft.com/developer/msbuild/2003">
  <ItemGroup>
    <Filter Include="Ressourcendateien">
      <UniqueIdentifier>{67DA6AB6-F800-4c08-8B7A-83BB121AAD01}</UniqueIdentifier>
      <Extensions>rc;ico;cur;bmp;dlg;rc2;rct;bin;rgs;gif;jpg;jpeg;jpe;resx;tiff;tif;png;wav;mfcribbon-ms</Extensions>
    </Filter>
    <Filter Include="docs">
      <UniqueIdentifier>{555c88cf-2a0e-4795-aa64-1e56b2f08578}</UniqueIdentifier>
    </Filter>
    <Filter Include="data">
      <UniqueIdentifier>{68f51acf-32c4-44c9-8adb-5d5f7f09fb32}</UniqueIdentifier>
    </Filter>
    <Filter Include="tests">
      <UniqueIdentifier>{bc2f54e4-c632-4f42-b287-50b0af6009aa}</UniqueIdentifier>
    </Filter>
    <Filter Include="src">
      <UniqueIdentifier>{4FC737F1-C7A5-4376-A066-2A32D752A2FF}</UniqueIdentifier>
      <Extensions>cpp;c;cc;cxx;c++;cppm;ixx;def;odl;idl;hpj;bat;asm;asmx</Extensions>
    </Filter>
    <Filter Include="include">
      <UniqueIdentifier>{93995380-89BD-4b04-88EB-625FBE52EBFB}</UniqueIdentifier>
      <Extensions>h;hh;hpp;hxx;h++;hm;inl;inc;ipp;xsd</Extensions>
    </Filter>
  </ItemGroup>
  <ItemGroup>
    <ClCompile Include="src\Application.cpp">
      <Filter>src</Filter>
    </ClCompile>
    <ClCompile Include="src\StateManager.cpp">
      <Filter>src</Filter>
    </ClCompile>
    <ClCompile Include="src\Main.cpp">
      <Filter>src</Filter>
    </ClCompile>
    <ClCompile Include="src\State.cpp">
      <Filter>src</Filter>
    </ClCompile>
    <ClCompile Include="src\IntroState.cpp">
      <Filter>src</Filter>
    </ClCompile>
    <ClCompile Include="src\MainState.cpp">
      <Filter>src</Filter>
    </ClCompile>
    <ClCompile Include="src\GameState.cpp">
      <Filter>src</Filter>
    </ClCompile>
    <ClCompile Include="src\SetupState.cpp">
      <Filter>src</Filter>
    </ClCompile>
    <ClCompile Include="src\LeaderboardState.cpp">
      <Filter>src</Filter>
    </ClCompile>
    <ClCompile Include="src\Utilities.cpp">
      <Filter>src</Filter>
    </ClCompile>
  </ItemGroup>
  <ItemGroup>
    <ClInclude Include="include\Application.hpp">
      <Filter>include</Filter>
    </ClInclude>
    <ClInclude Include="include\StateManager.hpp">
      <Filter>include</Filter>
    </ClInclude>
    <ClInclude Include="include\State.hpp">
      <Filter>include</Filter>
    </ClInclude>
    <ClInclude Include="include\StatesIdentifier.hpp">
      <Filter>include</Filter>
    </ClInclude>
    <ClInclude Include="include\IntroState.hpp">
      <Filter>include</Filter>
    </ClInclude>
    <ClInclude Include="include\MainState.hpp">
      <Filter>include</Filter>
    </ClInclude>
    <ClInclude Include="include\GameState.hpp">
      <Filter>include</Filter>
    </ClInclude>
    <ClInclude Include="include\LeaderboardState.hpp">
      <Filter>include</Filter>
    </ClInclude>
    <ClInclude Include="include\SetupState.hpp">
      <Filter>include</Filter>
    </ClInclude>
    <ClInclude Include="include\Utilities.hpp">
      <Filter>include</Filter>
    </ClInclude>
  </ItemGroup>
  <ItemGroup>
    <Text Include="docs\Version.txt">
      <Filter>docs</Filter>
    </Text>
  </ItemGroup>
</Project>